{
  "name": "brush-kbdsbx.github.io",
  "version": "1.0.0",
  "lockfileVersion": 1,
  "requires": true,
  "dependencies": {
    "less-brush": {
      "version": "0.1.3",
      "resolved": "https://registry.npmjs.org/less-brush/-/less-brush-0.1.3.tgz",
      "integrity": "sha512-CryNtyxGptC3SVPo2CsztWN7ALZZ25IhlTOEEusA8yNzfDXNtBj5jPHJPfRAln8r/zY0U7Q474O6LQ4nvl55JA=="
    }
  }
}
